
Microsoft Visual Studio Solution File, Format Version 12.00
# Visual Studio Version 16
VisualStudioVersion = 16.0.31613.86
MinimumVisualStudioVersion = 10.0.40219.1
Project("{FAE04EC0-301F-11D3-BF4B-00C04F79EFBC}") = "MyConsoleApp", "MyConsoleApp\MyConsoleApp.csproj", "{A400530B-26E6-42E5-BF1A-BDE60672B009}"
EndProject
Global
	GlobalSection(SolutionConfigurationPlatforms) = preSolution
		Debug|Any CPU = Debug|Any CPU
		Release|Any CPU = Release|Any CPU
	EndGlobalSection
	GlobalSection(ProjectConfigurationPlatforms) = postSolution
		{A400530B-26E6-42E5-BF1A-BDE60672B009}.Debug|Any CPU.ActiveCfg = Debug|Any CPU
		{A400530B-26E6-42E5-BF1A-BDE60672B009}.Debug|Any CPU.Build.0 = Debug|Any CPU
		{A400530B-26E6-42E5-BF1A-BDE60672B009}.Release|Any CPU.ActiveCfg = Release|Any CPU
		{A400530B-26E6-42E5-BF1A-BDE60672B009}.Release|Any CPU.Build.0 = Release|Any CPU
	EndGlobalSection
	GlobalSection(SolutionProperties) = preSolution
		HideSolutionNode = FALSE
	EndGlobalSection
	GlobalSection(ExtensibilityGlobals) = postSolution
		SolutionGuid = {91D78F54-E77E-42EF-8F18-82862F0CC5DA}
	EndGlobalSection
EndGlobal
